// !$*UTF8*$!
{
	archiveVersion = 1;
	classes = {
	};
	objectVersion = 46;
	objects = {

/* Begin PBXBuildFile section */
		30B936BE1F186D0200F5040F /* Home.storyboard in Resources */ = {isa = PBXBuildFile; fileRef = 30B936BC1F186D0200F5040F /* Home.storyboard */; };
		30B936C11F186F7F00F5040F /* GetServices.swift in Sources */ = {isa = PBXBuildFile; fileRef = 30B936C01F186F7F00F5040F /* GetServices.swift */; };
		30B936C31F1877D300F5040F /* PhotoSize.swift in Sources */ = {isa = PBXBuildFile; fileRef = 30B936C21F1877D300F5040F /* PhotoSize.swift */; };
		30B936C51F18828500F5040F /* CollectionViewController.swift in Sources */ = {isa = PBXBuildFile; fileRef = 30B936C41F18828500F5040F /* CollectionViewController.swift */; };
		30FB7FEA1F169850002C66AC /* AppDelegate.swift in Sources */ = {isa = PBXBuildFile; fileRef = 30FB7FE91F169850002C66AC /* AppDelegate.swift */; };
		30FB7FEF1F169850002C66AC /* Main.storyboard in Resources */ = {isa = PBXBuildFile; fileRef = 30FB7FED1F169850002C66AC /* Main.storyboard */; };
		30FB7FF11F169850002C66AC /* Assets.xcassets in Resources */ = {isa = PBXBuildFile; fileRef = 30FB7FF01F169850002C66AC /* Assets.xcassets */; };
		30FB7FF41F169850002C66AC /* LaunchScreen.storyboard in Resources */ = {isa = PBXBuildFile; fileRef = 30FB7FF21F169850002C66AC /* LaunchScreen.storyboard */; };
		30FB80021F169BAA002C66AC /* SearchPhotoListViewController.swift in Sources */ = {isa = PBXBuildFile; fileRef = 30FB80011F169BAA002C66AC /* SearchPhotoListViewController.swift */; };
		30FB80041F169BF1002C66AC /* FavoriteAlbumListViewController.swift in Sources */ = {isa = PBXBuildFile; fileRef = 30FB80031F169BF1002C66AC /* FavoriteAlbumListViewController.swift */; };
		30FB80091F169D4E002C66AC /* Settings.storyboard in Resources */ = {isa = PBXBuildFile; fileRef = 30FB80071F169D4E002C66AC /* Settings.storyboard */; };
		30FB800B1F169DB3002C66AC /* Favorites.storyboard in Resources */ = {isa = PBXBuildFile; fileRef = 30FB800A1F169DB3002C66AC /* Favorites.storyboard */; };
		30FB800D1F169DEC002C66AC /* Search.storyboard in Resources */ = {isa = PBXBuildFile; fileRef = 30FB800C1F169DEC002C66AC /* Search.storyboard */; };
		30FB800F1F169EB1002C66AC /* HomeAlbumListViewController.swift in Sources */ = {isa = PBXBuildFile; fileRef = 30FB800E1F169EB1002C66AC /* HomeAlbumListViewController.swift */; };
		30FB80111F169FC3002C66AC /* Camera.storyboard in Resources */ = {isa = PBXBuildFile; fileRef = 30FB80101F169FC3002C66AC /* Camera.storyboard */; };
		30FB80131F16A0A2002C66AC /* CameraViewController.swift in Sources */ = {isa = PBXBuildFile; fileRef = 30FB80121F16A0A2002C66AC /* CameraViewController.swift */; };
		30FB80151F16A0C1002C66AC /* SettingViewController.swift in Sources */ = {isa = PBXBuildFile; fileRef = 30FB80141F16A0C1002C66AC /* SettingViewController.swift */; };
/* End PBXBuildFile section */

/* Begin PBXFileReference section */
		30B936BD1F186D0200F5040F /* Base */ = {isa = PBXFileReference; lastKnownFileType = file.storyboard; name = Base; path = Base.lproj/Home.storyboard; sourceTree = "<group>"; };
		30B936C01F186F7F00F5040F /* GetServices.swift */ = {isa = PBXFileReference; fileEncoding = 4; lastKnownFileType = sourcecode.swift; path = GetServices.swift; sourceTree = "<group>"; };
		30B936C21F1877D300F5040F /* PhotoSize.swift */ = {isa = PBXFileReference; fileEncoding = 4; lastKnownFileType = sourcecode.swift; path = PhotoSize.swift; sourceTree = "<group>"; };
		30B936C41F18828500F5040F /* CollectionViewController.swift */ = {isa = PBXFileReference; fileEncoding = 4; lastKnownFileType = sourcecode.swift; path = CollectionViewController.swift; sourceTree = "<group>"; };
		30FB7FE61F169850002C66AC /* UnivCam.app */ = {isa = PBXFileReference; explicitFileType = wrapper.application; includeInIndex = 0; path = UnivCam.app; sourceTree = BUILT_PRODUCTS_DIR; };
		30FB7FE91F169850002C66AC /* AppDelegate.swift */ = {isa = PBXFileReference; lastKnownFileType = sourcecode.swift; path = AppDelegate.swift; sourceTree = "<group>"; };
		30FB7FEE1F169850002C66AC /* Base */ = {isa = PBXFileReference; lastKnownFileType = file.storyboard; name = Base; path = Base.lproj/Main.storyboard; sourceTree = "<group>"; };
		30FB7FF01F169850002C66AC /* Assets.xcassets */ = {isa = PBXFileReference; lastKnownFileType = folder.assetcatalog; path = Assets.xcassets; sourceTree = "<group>"; };
		30FB7FF31F169850002C66AC /* Base */ = {isa = PBXFileReference; lastKnownFileType = file.storyboard; name = Base; path = Base.lproj/LaunchScreen.storyboard; sourceTree = "<group>"; };
		30FB7FF51F169850002C66AC /* Info.plist */ = {isa = PBXFileReference; lastKnownFileType = text.plist.xml; path = Info.plist; sourceTree = "<group>"; };
		30FB80011F169BAA002C66AC /* SearchPhotoListViewController.swift */ = {isa = PBXFileReference; fileEncoding = 4; lastKnownFileType = sourcecode.swift; path = SearchPhotoListViewController.swift; sourceTree = "<group>"; };
		30FB80031F169BF1002C66AC /* FavoriteAlbumListViewController.swift */ = {isa = PBXFileReference; fileEncoding = 4; lastKnownFileType = sourcecode.swift; path = FavoriteAlbumListViewController.swift; sourceTree = "<group>"; };
		30FB80081F169D4E002C66AC /* Base */ = {isa = PBXFileReference; lastKnownFileType = file.storyboard; name = Base; path = Base.lproj/Settings.storyboard; sourceTree = "<group>"; };
		30FB800A1F169DB3002C66AC /* Favorites.storyboard */ = {isa = PBXFileReference; fileEncoding = 4; lastKnownFileType = file.storyboard; path = Favorites.storyboard; sourceTree = "<group>"; };
		30FB800C1F169DEC002C66AC /* Search.storyboard */ = {isa = PBXFileReference; fileEncoding = 4; lastKnownFileType = file.storyboard; path = Search.storyboard; sourceTree = "<group>"; };
		30FB800E1F169EB1002C66AC /* HomeAlbumListViewController.swift */ = {isa = PBXFileReference; fileEncoding = 4; lastKnownFileType = sourcecode.swift; path = HomeAlbumListViewController.swift; sourceTree = "<group>"; };
		30FB80101F169FC3002C66AC /* Camera.storyboard */ = {isa = PBXFileReference; fileEncoding = 4; lastKnownFileType = file.storyboard; path = Camera.storyboard; sourceTree = "<group>"; };
		30FB80121F16A0A2002C66AC /* CameraViewController.swift */ = {isa = PBXFileReference; fileEncoding = 4; lastKnownFileType = sourcecode.swift; path = CameraViewController.swift; sourceTree = "<group>"; };
		30FB80141F16A0C1002C66AC /* SettingViewController.swift */ = {isa = PBXFileReference; fileEncoding = 4; lastKnownFileType = sourcecode.swift; path = SettingViewController.swift; sourceTree = "<group>"; };
/* End PBXFileReference section */

/* Begin PBXFrameworksBuildPhase section */
		30FB7FE31F169850002C66AC /* Frameworks */ = {
			isa = PBXFrameworksBuildPhase;
			buildActionMask = 2147483647;
			files = (
			);
			runOnlyForDeploymentPostprocessing = 0;
		};
/* End PBXFrameworksBuildPhase section */

/* Begin PBXGroup section */
		30B936B61F186B9B00F5040F /* ViewControllers */ = {
			isa = PBXGroup;
			children = (
				30FB800E1F169EB1002C66AC /* HomeAlbumListViewController.swift */,
				30FB80011F169BAA002C66AC /* SearchPhotoListViewController.swift */,
				30FB80121F16A0A2002C66AC /* CameraViewController.swift */,
				30FB80031F169BF1002C66AC /* FavoriteAlbumListViewController.swift */,
				30FB80141F16A0C1002C66AC /* SettingViewController.swift */,
				30B936C41F18828500F5040F /* CollectionViewController.swift */,
			);
			name = ViewControllers;
			sourceTree = "<group>";
		};
		30B936B71F186BBC00F5040F /* Views */ = {
			isa = PBXGroup;
			children = (
			);
			name = Views;
			sourceTree = "<group>";
		};
		30B936B81F186BF500F5040F /* Models */ = {
			isa = PBXGroup;
			children = (
			);
			name = Models;
			sourceTree = "<group>";
		};
		30B936B91F186BFC00F5040F /* Types */ = {
			isa = PBXGroup;
			children = (
				30B936C21F1877D300F5040F /* PhotoSize.swift */,
			);
			name = Types;
			sourceTree = "<group>";
		};
		30B936BA1F186C0E00F5040F /* Utils */ = {
			isa = PBXGroup;
			children = (
			);
			name = Utils;
			sourceTree = "<group>";
		};
		30B936BB1F186C2200F5040F /* Resources */ = {
			isa = PBXGroup;
			children = (
				30FB7FED1F169850002C66AC /* Main.storyboard */,
				30B936BC1F186D0200F5040F /* Home.storyboard */,
				30FB800C1F169DEC002C66AC /* Search.storyboard */,
				30FB80101F169FC3002C66AC /* Camera.storyboard */,
				30FB800A1F169DB3002C66AC /* Favorites.storyboard */,
				30FB80071F169D4E002C66AC /* Settings.storyboard */,
				30FB7FF01F169850002C66AC /* Assets.xcassets */,
				30FB7FF21F169850002C66AC /* LaunchScreen.storyboard */,
				30FB7FF51F169850002C66AC /* Info.plist */,
			);
			name = Resources;
			sourceTree = "<group>";
		};
		30B936BF1F186E6300F5040F /* Services */ = {
			isa = PBXGroup;
			children = (
				30B936C01F186F7F00F5040F /* GetServices.swift */,
			);
			name = Services;
			sourceTree = "<group>";
		};
		30FB7FDD1F169850002C66AC = {
			isa = PBXGroup;
			children = (
				30FB7FE81F169850002C66AC /* UnivCam */,
				30FB7FE71F169850002C66AC /* Products */,
			);
			sourceTree = "<group>";
		};
		30FB7FE71F169850002C66AC /* Products */ = {
			isa = PBXGroup;
			children = (
				30FB7FE61F169850002C66AC /* UnivCam.app */,
			);
			name = Products;
			sourceTree = "<group>";
		};
		30FB7FE81F169850002C66AC /* UnivCam */ = {
			isa = PBXGroup;
			children = (
				30FB7FE91F169850002C66AC /* AppDelegate.swift */,
				30B936BF1F186E6300F5040F /* Services */,
				30B936B61F186B9B00F5040F /* ViewControllers */,
				30B936B71F186BBC00F5040F /* Views */,
				30B936B81F186BF500F5040F /* Models */,
				30B936B91F186BFC00F5040F /* Types */,
				30B936BA1F186C0E00F5040F /* Utils */,
				30B936BB1F186C2200F5040F /* Resources */,
			);
			path = UnivCam;
			sourceTree = "<group>";
		};
/* End PBXGroup section */

/* Begin PBXNativeTarget section */
		30FB7FE51F169850002C66AC /* UnivCam */ = {
			isa = PBXNativeTarget;
			buildConfigurationList = 30FB7FF81F169850002C66AC /* Build configuration list for PBXNativeTarget "UnivCam" */;
			buildPhases = (
				30FB7FE21F169850002C66AC /* Sources */,
				30FB7FE31F169850002C66AC /* Frameworks */,
				30FB7FE41F169850002C66AC /* Resources */,
			);
			buildRules = (
			);
			dependencies = (
			);
			name = UnivCam;
			productName = UnivCam;
			productReference = 30FB7FE61F169850002C66AC /* UnivCam.app */;
			productType = "com.apple.product-type.application";
		};
/* End PBXNativeTarget section */

/* Begin PBXProject section */
		30FB7FDE1F169850002C66AC /* Project object */ = {
			isa = PBXProject;
			attributes = {
				LastSwiftUpdateCheck = 0830;
				LastUpgradeCheck = 0830;
				ORGANIZATIONNAME = futr_blu;
				TargetAttributes = {
					30FB7FE51F169850002C66AC = {
						CreatedOnToolsVersion = 8.3.2;
						ProvisioningStyle = Automatic;
					};
				};
			};
			buildConfigurationList = 30FB7FE11F169850002C66AC /* Build configuration list for PBXProject "UnivCam" */;
			compatibilityVersion = "Xcode 3.2";
			developmentRegion = English;
			hasScannedForEncodings = 0;
			knownRegions = (
				en,
				Base,
			);
			mainGroup = 30FB7FDD1F169850002C66AC;
			productRefGroup = 30FB7FE71F169850002C66AC /* Products */;
			projectDirPath = "";
			projectRoot = "";
			targets = (
				30FB7FE51F169850002C66AC /* UnivCam */,
			);
		};
/* End PBXProject section */

/* Begin PBXResourcesBuildPhase section */
		30FB7FE41F169850002C66AC /* Resources */ = {
			isa = PBXResourcesBuildPhase;
			buildActionMask = 2147483647;
			files = (
				30FB7FF41F169850002C66AC /* LaunchScreen.storyboard in Resources */,
				30FB80111F169FC3002C66AC /* Camera.storyboard in Resources */,
				30FB7FF11F169850002C66AC /* Assets.xcassets in Resources */,
				30FB80091F169D4E002C66AC /* Settings.storyboard in Resources */,
				30FB7FEF1F169850002C66AC /* Main.storyboard in Resources */,
				30FB800D1F169DEC002C66AC /* Search.storyboard in Resources */,
				30FB800B1F169DB3002C66AC /* Favorites.storyboard in Resources */,
				30B936BE1F186D0200F5040F /* Home.storyboard in Resources */,
			);
			runOnlyForDeploymentPostprocessing = 0;
		};
/* End PBXResourcesBuildPhase section */

/* Begin PBXSourcesBuildPhase section */
		30FB7FE21F169850002C66AC /* Sources */ = {
			isa = PBXSourcesBuildPhase;
			buildActionMask = 2147483647;
			files = (
				30B936C51F18828500F5040F /* CollectionViewController.swift in Sources */,
				30FB80041F169BF1002C66AC /* FavoriteAlbumListViewController.swift in Sources */,
				30FB80131F16A0A2002C66AC /* CameraViewController.swift in Sources */,
				30FB80021F169BAA002C66AC /* SearchPhotoListViewController.swift in Sources */,
				30FB7FEA1F169850002C66AC /* AppDelegate.swift in Sources */,
				30FB800F1F169EB1002C66AC /* HomeAlbumListViewController.swift in Sources */,
				30FB80151F16A0C1002C66AC /* SettingViewController.swift in Sources */,
				30B936C11F186F7F00F5040F /* GetServices.swift in Sources */,
				30B936C31F1877D300F5040F /* PhotoSize.swift in Sources */,
			);
			runOnlyForDeploymentPostprocessing = 0;
		};
/* End PBXSourcesBuildPhase section */

/* Begin PBXVariantGroup section */
		30B936BC1F186D0200F5040F /* Home.storyboard */ = {
			isa = PBXVariantGroup;
			children = (
				30B936BD1F186D0200F5040F /* Base */,
			);
			name = Home.storyboard;
			sourceTree = "<group>";
		};
		30FB7FED1F169850002C66AC /* Main.storyboard */ = {
			isa = PBXVariantGroup;
			children = (
				30FB7FEE1F169850002C66AC /* Base */,
			);
			name = Main.storyboard;
			sourceTree = "<group>";
		};
		30FB7FF21F169850002C66AC /* LaunchScreen.storyboard */ = {
			isa = PBXVariantGroup;
			children = (
				30FB7FF31F169850002C66AC /* Base */,
			);
			name = LaunchScreen.storyboard;
			sourceTree = "<group>";
		};
		30FB80071F169D4E002C66AC /* Settings.storyboard */ = {
			isa = PBXVariantGroup;
			children = (
				30FB80081F169D4E002C66AC /* Base */,
			);
			name = Settings.storyboard;
			sourceTree = "<group>";
		};
/* End PBXVariantGroup section */

/* Begin XCBuildConfiguration section */
		30FB7FF61F169850002C66AC /* Debug */ = {
			isa = XCBuildConfiguration;
			buildSettings = {
				ALWAYS_SEARCH_USER_PATHS = NO;
				CLANG_ANALYZER_NONNULL = YES;
				CLANG_ANALYZER_NUMBER_OBJECT_CONVERSION = YES_AGGRESSIVE;
				CLANG_CXX_LANGUAGE_STANDARD = "gnu++0x";
				CLANG_CXX_LIBRARY = "libc++";
				CLANG_ENABLE_MODULES = YES;
				CLANG_ENABLE_OBJC_ARC = YES;
				CLANG_WARN_BOOL_CONVERSION = YES;
				CLANG_WARN_CONSTANT_CONVERSION = YES;
				CLANG_WARN_DIRECT_OBJC_ISA_USAGE = YES_ERROR;
				CLANG_WARN_DOCUMENTATION_COMMENTS = YES;
				CLANG_WARN_EMPTY_BODY = YES;
				CLANG_WARN_ENUM_CONVERSION = YES;
				CLANG_WARN_INFINITE_RECURSION = YES;
				CLANG_WARN_INT_CONVERSION = YES;
				CLANG_WARN_OBJC_ROOT_CLASS = YES_ERROR;
				CLANG_WARN_SUSPICIOUS_MOVE = YES;
				CLANG_WARN_UNREACHABLE_CODE = YES;
				CLANG_WARN__DUPLICATE_METHOD_MATCH = YES;
				"CODE_SIGN_IDENTITY[sdk=iphoneos*]" = "iPhone Developer";
				COPY_PHASE_STRIP = NO;
				DEBUG_INFORMATION_FORMAT = dwarf;
				ENABLE_STRICT_OBJC_MSGSEND = YES;
				ENABLE_TESTABILITY = YES;
				GCC_C_LANGUAGE_STANDARD = gnu99;
				GCC_DYNAMIC_NO_PIC = NO;
				GCC_NO_COMMON_BLOCKS = YES;
				GCC_OPTIMIZATION_LEVEL = 0;
				GCC_PREPROCESSOR_DEFINITIONS = (
					"DEBUG=1",
					"$(inherited)",
				);
				GCC_WARN_64_TO_32_BIT_CONVERSION = YES;
				GCC_WARN_ABOUT_RETURN_TYPE = YES_ERROR;
				GCC_WARN_UNDECLARED_SELECTOR = YES;
				GCC_WARN_UNINITIALIZED_AUTOS = YES_AGGRESSIVE;
				GCC_WARN_UNUSED_FUNCTION = YES;
				GCC_WARN_UNUSED_VARIABLE = YES;
				IPHONEOS_DEPLOYMENT_TARGET = 10.3;
				MTL_ENABLE_DEBUG_INFO = YES;
				ONLY_ACTIVE_ARCH = YES;
				SDKROOT = iphoneos;
				SWIFT_ACTIVE_COMPILATION_CONDITIONS = DEBUG;
				SWIFT_OPTIMIZATION_LEVEL = "-Onone";
				TARGETED_DEVICE_FAMILY = "1,2";
			};
			name = Debug;
		};
		30FB7FF71F169850002C66AC /* Release */ = {
			isa = XCBuildConfiguration;
			buildSettings = {
				ALWAYS_SEARCH_USER_PATHS = NO;
				CLANG_ANALYZER_NONNULL = YES;
				CLANG_ANALYZER_NUMBER_OBJECT_CONVERSION = YES_AGGRESSIVE;
				CLANG_CXX_LANGUAGE_STANDARD = "gnu++0x";
				CLANG_CXX_LIBRARY = "libc++";
				CLANG_ENABLE_MODULES = YES;
				CLANG_ENABLE_OBJC_ARC = YES;
				CLANG_WARN_BOOL_CONVERSION = YES;
				CLANG_WARN_CONSTANT_CONVERSION = YES;
				CLANG_WARN_DIRECT_OBJC_ISA_USAGE = YES_ERROR;
				CLANG_WARN_DOCUMENTATION_COMMENTS = YES;
				CLANG_WARN_EMPTY_BODY = YES;
				CLANG_WARN_ENUM_CONVERSION = YES;
				CLANG_WARN_INFINITE_RECURSION = YES;
				CLANG_WARN_INT_CONVERSION = YES;
				CLANG_WARN_OBJC_ROOT_CLASS = YES_ERROR;
				CLANG_WARN_SUSPICIOUS_MOVE = YES;
				CLANG_WARN_UNREACHABLE_CODE = YES;
				CLANG_WARN__DUPLICATE_METHOD_MATCH = YES;
				"CODE_SIGN_IDENTITY[sdk=iphoneos*]" = "iPhone Developer";
				COPY_PHASE_STRIP = NO;
				DEBUG_INFORMATION_FORMAT = "dwarf-with-dsym";
				ENABLE_NS_ASSERTIONS = NO;
				ENABLE_STRICT_OBJC_MSGSEND = YES;
				GCC_C_LANGUAGE_STANDARD = gnu99;
				GCC_NO_COMMON_BLOCKS = YES;
				GCC_WARN_64_TO_32_BIT_CONVERSION = YES;
				GCC_WARN_ABOUT_RETURN_TYPE = YES_ERROR;
				GCC_WARN_UNDECLARED_SELECTOR = YES;
				GCC_WARN_UNINITIALIZED_AUTOS = YES_AGGRESSIVE;
				GCC_WARN_UNUSED_FUNCTION = YES;
				GCC_WARN_UNUSED_VARIABLE = YES;
				IPHONEOS_DEPLOYMENT_TARGET = 10.3;
				MTL_ENABLE_DEBUG_INFO = NO;
				SDKROOT = iphoneos;
				SWIFT_OPTIMIZATION_LEVEL = "-Owholemodule";
				TARGETED_DEVICE_FAMILY = "1,2";
				VALIDATE_PRODUCT = YES;
			};
			name = Release;
		};
		30FB7FF91F169850002C66AC /* Debug */ = {
			isa = XCBuildConfiguration;
			buildSettings = {
				ASSETCATALOG_COMPILER_APPICON_NAME = AppIcon;
				INFOPLIST_FILE = UnivCam/Info.plist;
				LD_RUNPATH_SEARCH_PATHS = "$(inherited) @executable_path/Frameworks";
				PRODUCT_BUNDLE_IDENTIFIER = "futr-blu.UnivCam";
				PRODUCT_NAME = "$(TARGET_NAME)";
				SWIFT_VERSION = 3.0;
			};
			name = Debug;
		};
		30FB7FFA1F169850002C66AC /* Release */ = {
			isa = XCBuildConfiguration;
			buildSettings = {
				ASSETCATALOG_COMPILER_APPICON_NAME = AppIcon;
				INFOPLIST_FILE = UnivCam/Info.plist;
				LD_RUNPATH_SEARCH_PATHS = "$(inherited) @executable_path/Frameworks";
				PRODUCT_BUNDLE_IDENTIFIER = "futr-blu.UnivCam";
				PRODUCT_NAME = "$(TARGET_NAME)";
				SWIFT_VERSION = 3.0;
			};
			name = Release;
		};
/* End XCBuildConfiguration section */

/* Begin XCConfigurationList section */
		30FB7FE11F169850002C66AC /* Build configuration list for PBXProject "UnivCam" */ = {
			isa = XCConfigurationList;
			buildConfigurations = (
				30FB7FF61F169850002C66AC /* Debug */,
				30FB7FF71F169850002C66AC /* Release */,
			);
			defaultConfigurationIsVisible = 0;
			defaultConfigurationName = Release;
		};
		30FB7FF81F169850002C66AC /* Build configuration list for PBXNativeTarget "UnivCam" */ = {
			isa = XCConfigurationList;
			buildConfigurations = (
				30FB7FF91F169850002C66AC /* Debug */,
				30FB7FFA1F169850002C66AC /* Release */,
			);
			defaultConfigurationIsVisible = 0;
			defaultConfigurationName = Release;
		};
/* End XCConfigurationList section */
	};
	rootObject = 30FB7FDE1F169850002C66AC /* Project object */;
}
