// !$*UTF8*$!
{
	archiveVersion = 1;
	classes = {
	};
	objectVersion = 46;
	objects = {

/* Begin PBXBuildFile section */
		301BDDD41F3D7EB900CA90CD /* TutorialView.swift in Sources */ = {isa = PBXBuildFile; fileRef = 301BDDD31F3D7EB900CA90CD /* TutorialView.swift */; };
		301BDDD61F3D7ECC00CA90CD /* TutorialView.xib in Resources */ = {isa = PBXBuildFile; fileRef = 301BDDD51F3D7ECC00CA90CD /* TutorialView.xib */; };
		301D76CA1F265D480070FCC0 /* AlbumDetailView.swift in Sources */ = {isa = PBXBuildFile; fileRef = 301D76C91F265D480070FCC0 /* AlbumDetailView.swift */; };
		301D76D51F268A490070FCC0 /* AlbumDetailViewCell.swift in Sources */ = {isa = PBXBuildFile; fileRef = 301D76D31F268A490070FCC0 /* AlbumDetailViewCell.swift */; };
		30263CA61F3BAC5E0015253A /* SelectAlbumVC.swift in Sources */ = {isa = PBXBuildFile; fileRef = 30263CA51F3BAC5E0015253A /* SelectAlbumVC.swift */; };
		30263CA81F3BAFEF0015253A /* CapturedImageVC.swift in Sources */ = {isa = PBXBuildFile; fileRef = 30263CA71F3BAFEF0015253A /* CapturedImageVC.swift */; };
		3034AC301F3F6006006238D7 /* Fonts.swift in Sources */ = {isa = PBXBuildFile; fileRef = 3034AC2F1F3F6006006238D7 /* Fonts.swift */; };
		303AD9D01F3B1B7F00A1DB0D /* ConfirmDeleteView.swift in Sources */ = {isa = PBXBuildFile; fileRef = 303AD9CF1F3B1B7F00A1DB0D /* ConfirmDeleteView.swift */; };
		303AD9D21F3B1BF300A1DB0D /* ConfirmDeleteView.xib in Resources */ = {isa = PBXBuildFile; fileRef = 303AD9D11F3B1BF300A1DB0D /* ConfirmDeleteView.xib */; };
		30494AF71F38D7060092376B /* RealmHelper.swift in Sources */ = {isa = PBXBuildFile; fileRef = 30494AF61F38D7060092376B /* RealmHelper.swift */; };
		30494AF91F3941450092376B /* Album.swift in Sources */ = {isa = PBXBuildFile; fileRef = 30494AF81F3941450092376B /* Album.swift */; };
		30494B0C1F3A01840092376B /* UnivCamAPI.swift in Sources */ = {isa = PBXBuildFile; fileRef = 30494B0B1F3A01840092376B /* UnivCamAPI.swift */; };
		3059B95A1F3B3B2E0013A6E8 /* ConfirmAuthVC.swift in Sources */ = {isa = PBXBuildFile; fileRef = 3059B9591F3B3B2E0013A6E8 /* ConfirmAuthVC.swift */; };
		3059B95C1F3B6C620013A6E8 /* CreateAlbumView.swift in Sources */ = {isa = PBXBuildFile; fileRef = 3059B95B1F3B6C620013A6E8 /* CreateAlbumView.swift */; };
		305E1EE61F19F57600ADA1CD /* Assets.xcassets in Resources */ = {isa = PBXBuildFile; fileRef = 305E1EE51F19F57600ADA1CD /* Assets.xcassets */; };
		305E1EE81F19FA2800ADA1CD /* AlbumDetailVC.swift in Sources */ = {isa = PBXBuildFile; fileRef = 305E1EE71F19FA2800ADA1CD /* AlbumDetailVC.swift */; };
		305E1EEA1F1A15C300ADA1CD /* AlbumCollectionViewCell.swift in Sources */ = {isa = PBXBuildFile; fileRef = 305E1EE91F1A15C300ADA1CD /* AlbumCollectionViewCell.swift */; };
		305E1EEC1F1A1B3C00ADA1CD /* PhotoVC.swift in Sources */ = {isa = PBXBuildFile; fileRef = 305E1EEB1F1A1B3C00ADA1CD /* PhotoVC.swift */; };
		305E1EEE1F1A253F00ADA1CD /* ThumbnailCollectionViewCell.swift in Sources */ = {isa = PBXBuildFile; fileRef = 305E1EED1F1A253F00ADA1CD /* ThumbnailCollectionViewCell.swift */; };
		305E1EF01F1A2CE900ADA1CD /* TabbarController.swift in Sources */ = {isa = PBXBuildFile; fileRef = 305E1EEF1F1A2CE900ADA1CD /* TabbarController.swift */; };
		3061DB7E1F3F450D009486EA /* UIButton+Extension.swift in Sources */ = {isa = PBXBuildFile; fileRef = 3061DB7D1F3F450D009486EA /* UIButton+Extension.swift */; };
		3061DB861F3F53C2009486EA /* Palette.swift in Sources */ = {isa = PBXBuildFile; fileRef = 3061DB851F3F53C2009486EA /* Palette.swift */; };
		30B936BE1F186D0200F5040F /* Home.storyboard in Resources */ = {isa = PBXBuildFile; fileRef = 30B936BC1F186D0200F5040F /* Home.storyboard */; };
		30B936C51F18828500F5040F /* CollectionViewController.swift in Sources */ = {isa = PBXBuildFile; fileRef = 30B936C41F18828500F5040F /* CollectionViewController.swift */; };
		30B936C71F1885B800F5040F /* PhotoType.swift in Sources */ = {isa = PBXBuildFile; fileRef = 30B936C61F1885B800F5040F /* PhotoType.swift */; };
		30B936CA1F18A1A000F5040F /* PhotoCollectionViewCell.swift in Sources */ = {isa = PBXBuildFile; fileRef = 30B936C91F18A1A000F5040F /* PhotoCollectionViewCell.swift */; };
		30CCDFB51F3B71B9008FC50D /* CreateAlbumView.xib in Resources */ = {isa = PBXBuildFile; fileRef = 30CCDFB41F3B71B9008FC50D /* CreateAlbumView.xib */; };
		30D996031F33788B00382AD9 /* AlbumCell.swift in Sources */ = {isa = PBXBuildFile; fileRef = 30D996011F33788B00382AD9 /* AlbumCell.swift */; };
		30D996041F33788B00382AD9 /* AlbumCell.xib in Resources */ = {isa = PBXBuildFile; fileRef = 30D996021F33788B00382AD9 /* AlbumCell.xib */; };
		30D996071F3380E400382AD9 /* AlbumDataSource.swift in Sources */ = {isa = PBXBuildFile; fileRef = 30D996061F3380E400382AD9 /* AlbumDataSource.swift */; };
		30D996091F33818B00382AD9 /* PhotoDataSource.swift in Sources */ = {isa = PBXBuildFile; fileRef = 30D996081F33818B00382AD9 /* PhotoDataSource.swift */; };
		30D9960C1F33902C00382AD9 /* PhotoCell.swift in Sources */ = {isa = PBXBuildFile; fileRef = 30D9960A1F33902C00382AD9 /* PhotoCell.swift */; };
		30D9960D1F33902C00382AD9 /* PhotoCell.xib in Resources */ = {isa = PBXBuildFile; fileRef = 30D9960B1F33902C00382AD9 /* PhotoCell.xib */; };
		30F1650B1F3D64F0005B78C1 /* SettingHeaderTableViewCell.swift in Sources */ = {isa = PBXBuildFile; fileRef = 30F1650A1F3D64F0005B78C1 /* SettingHeaderTableViewCell.swift */; };
		30F1650D1F3D6B33005B78C1 /* SettingTableViewCell.swift in Sources */ = {isa = PBXBuildFile; fileRef = 30F1650C1F3D6B33005B78C1 /* SettingTableViewCell.swift */; };
		30F165111F3D766F005B78C1 /* CreatorListVC.swift in Sources */ = {isa = PBXBuildFile; fileRef = 30F165101F3D766F005B78C1 /* CreatorListVC.swift */; };
		30F165131F3D785C005B78C1 /* DeveloperInfoCell.swift in Sources */ = {isa = PBXBuildFile; fileRef = 30F165121F3D785C005B78C1 /* DeveloperInfoCell.swift */; };
		30FB7FEA1F169850002C66AC /* AppDelegate.swift in Sources */ = {isa = PBXBuildFile; fileRef = 30FB7FE91F169850002C66AC /* AppDelegate.swift */; };
		30FB7FEF1F169850002C66AC /* Main.storyboard in Resources */ = {isa = PBXBuildFile; fileRef = 30FB7FED1F169850002C66AC /* Main.storyboard */; };
		30FB7FF41F169850002C66AC /* LaunchScreen.storyboard in Resources */ = {isa = PBXBuildFile; fileRef = 30FB7FF21F169850002C66AC /* LaunchScreen.storyboard */; };
		30FB80021F169BAA002C66AC /* SearchAlbumListVC.swift in Sources */ = {isa = PBXBuildFile; fileRef = 30FB80011F169BAA002C66AC /* SearchAlbumListVC.swift */; };
		30FB80041F169BF1002C66AC /* FavoriteAlbumListVC.swift in Sources */ = {isa = PBXBuildFile; fileRef = 30FB80031F169BF1002C66AC /* FavoriteAlbumListVC.swift */; };
		30FB80091F169D4E002C66AC /* Settings.storyboard in Resources */ = {isa = PBXBuildFile; fileRef = 30FB80071F169D4E002C66AC /* Settings.storyboard */; };
		30FB800B1F169DB3002C66AC /* Favorites.storyboard in Resources */ = {isa = PBXBuildFile; fileRef = 30FB800A1F169DB3002C66AC /* Favorites.storyboard */; };
		30FB800D1F169DEC002C66AC /* Search.storyboard in Resources */ = {isa = PBXBuildFile; fileRef = 30FB800C1F169DEC002C66AC /* Search.storyboard */; };
		30FB800F1F169EB1002C66AC /* AlbumListVC.swift in Sources */ = {isa = PBXBuildFile; fileRef = 30FB800E1F169EB1002C66AC /* AlbumListVC.swift */; };
		30FB80111F169FC3002C66AC /* Camera.storyboard in Resources */ = {isa = PBXBuildFile; fileRef = 30FB80101F169FC3002C66AC /* Camera.storyboard */; };
		30FB80131F16A0A2002C66AC /* CustomCameraVC.swift in Sources */ = {isa = PBXBuildFile; fileRef = 30FB80121F16A0A2002C66AC /* CustomCameraVC.swift */; };
		30FB80151F16A0C1002C66AC /* SettingViewController.swift in Sources */ = {isa = PBXBuildFile; fileRef = 30FB80141F16A0C1002C66AC /* SettingViewController.swift */; };
		4585736EB77610F31A9E5E6B /* Pods_UnivCam.framework in Frameworks */ = {isa = PBXBuildFile; fileRef = 81F006F911FE39D296130AC8 /* Pods_UnivCam.framework */; };
/* End PBXBuildFile section */

/* Begin PBXFileReference section */
		301BDDD31F3D7EB900CA90CD /* TutorialView.swift */ = {isa = PBXFileReference; lastKnownFileType = sourcecode.swift; path = TutorialView.swift; sourceTree = "<group>"; };
		301BDDD51F3D7ECC00CA90CD /* TutorialView.xib */ = {isa = PBXFileReference; lastKnownFileType = file.xib; path = TutorialView.xib; sourceTree = "<group>"; };
		301D76C91F265D480070FCC0 /* AlbumDetailView.swift */ = {isa = PBXFileReference; fileEncoding = 4; lastKnownFileType = sourcecode.swift; path = AlbumDetailView.swift; sourceTree = "<group>"; };
		301D76D31F268A490070FCC0 /* AlbumDetailViewCell.swift */ = {isa = PBXFileReference; fileEncoding = 4; lastKnownFileType = sourcecode.swift; path = AlbumDetailViewCell.swift; sourceTree = "<group>"; };
		30263CA51F3BAC5E0015253A /* SelectAlbumVC.swift */ = {isa = PBXFileReference; lastKnownFileType = sourcecode.swift; path = SelectAlbumVC.swift; sourceTree = "<group>"; };
		30263CA71F3BAFEF0015253A /* CapturedImageVC.swift */ = {isa = PBXFileReference; lastKnownFileType = sourcecode.swift; path = CapturedImageVC.swift; sourceTree = "<group>"; };
		3034AC2F1F3F6006006238D7 /* Fonts.swift */ = {isa = PBXFileReference; lastKnownFileType = sourcecode.swift; path = Fonts.swift; sourceTree = "<group>"; };
		303AD9CF1F3B1B7F00A1DB0D /* ConfirmDeleteView.swift */ = {isa = PBXFileReference; lastKnownFileType = sourcecode.swift; path = ConfirmDeleteView.swift; sourceTree = "<group>"; };
		303AD9D11F3B1BF300A1DB0D /* ConfirmDeleteView.xib */ = {isa = PBXFileReference; lastKnownFileType = file.xib; path = ConfirmDeleteView.xib; sourceTree = "<group>"; };
		30494AF61F38D7060092376B /* RealmHelper.swift */ = {isa = PBXFileReference; fileEncoding = 4; lastKnownFileType = sourcecode.swift; path = RealmHelper.swift; sourceTree = "<group>"; };
		30494AF81F3941450092376B /* Album.swift */ = {isa = PBXFileReference; fileEncoding = 4; lastKnownFileType = sourcecode.swift; path = Album.swift; sourceTree = "<group>"; };
		30494B0B1F3A01840092376B /* UnivCamAPI.swift */ = {isa = PBXFileReference; fileEncoding = 4; lastKnownFileType = sourcecode.swift; path = UnivCamAPI.swift; sourceTree = "<group>"; };
		3059B9591F3B3B2E0013A6E8 /* ConfirmAuthVC.swift */ = {isa = PBXFileReference; lastKnownFileType = sourcecode.swift; path = ConfirmAuthVC.swift; sourceTree = "<group>"; };
		3059B95B1F3B6C620013A6E8 /* CreateAlbumView.swift */ = {isa = PBXFileReference; lastKnownFileType = sourcecode.swift; path = CreateAlbumView.swift; sourceTree = "<group>"; };
		305E1EE51F19F57600ADA1CD /* Assets.xcassets */ = {isa = PBXFileReference; lastKnownFileType = folder.assetcatalog; name = Assets.xcassets; path = UnivCam/Assets.xcassets; sourceTree = "<group>"; };
		305E1EE71F19FA2800ADA1CD /* AlbumDetailVC.swift */ = {isa = PBXFileReference; fileEncoding = 4; lastKnownFileType = sourcecode.swift; path = AlbumDetailVC.swift; sourceTree = "<group>"; };
		305E1EE91F1A15C300ADA1CD /* AlbumCollectionViewCell.swift */ = {isa = PBXFileReference; fileEncoding = 4; lastKnownFileType = sourcecode.swift; path = AlbumCollectionViewCell.swift; sourceTree = "<group>"; };
		305E1EEB1F1A1B3C00ADA1CD /* PhotoVC.swift */ = {isa = PBXFileReference; fileEncoding = 4; lastKnownFileType = sourcecode.swift; path = PhotoVC.swift; sourceTree = "<group>"; };
		305E1EED1F1A253F00ADA1CD /* ThumbnailCollectionViewCell.swift */ = {isa = PBXFileReference; fileEncoding = 4; lastKnownFileType = sourcecode.swift; path = ThumbnailCollectionViewCell.swift; sourceTree = "<group>"; };
		305E1EEF1F1A2CE900ADA1CD /* TabbarController.swift */ = {isa = PBXFileReference; fileEncoding = 4; lastKnownFileType = sourcecode.swift; path = TabbarController.swift; sourceTree = "<group>"; };
		3061DB7D1F3F450D009486EA /* UIButton+Extension.swift */ = {isa = PBXFileReference; lastKnownFileType = sourcecode.swift; path = "UIButton+Extension.swift"; sourceTree = "<group>"; };
		3061DB851F3F53C2009486EA /* Palette.swift */ = {isa = PBXFileReference; lastKnownFileType = sourcecode.swift; path = Palette.swift; sourceTree = "<group>"; };
		30B936BD1F186D0200F5040F /* Base */ = {isa = PBXFileReference; lastKnownFileType = file.storyboard; name = Base; path = Base.lproj/Home.storyboard; sourceTree = "<group>"; };
		30B936C41F18828500F5040F /* CollectionViewController.swift */ = {isa = PBXFileReference; fileEncoding = 4; lastKnownFileType = sourcecode.swift; path = CollectionViewController.swift; sourceTree = "<group>"; };
		30B936C61F1885B800F5040F /* PhotoType.swift */ = {isa = PBXFileReference; fileEncoding = 4; lastKnownFileType = sourcecode.swift; path = PhotoType.swift; sourceTree = "<group>"; };
		30B936C91F18A1A000F5040F /* PhotoCollectionViewCell.swift */ = {isa = PBXFileReference; fileEncoding = 4; lastKnownFileType = sourcecode.swift; path = PhotoCollectionViewCell.swift; sourceTree = "<group>"; };
		30CCDFB41F3B71B9008FC50D /* CreateAlbumView.xib */ = {isa = PBXFileReference; lastKnownFileType = file.xib; path = CreateAlbumView.xib; sourceTree = "<group>"; };
		30D996011F33788B00382AD9 /* AlbumCell.swift */ = {isa = PBXFileReference; fileEncoding = 4; lastKnownFileType = sourcecode.swift; path = AlbumCell.swift; sourceTree = "<group>"; };
		30D996021F33788B00382AD9 /* AlbumCell.xib */ = {isa = PBXFileReference; fileEncoding = 4; lastKnownFileType = file.xib; path = AlbumCell.xib; sourceTree = "<group>"; };
		30D996061F3380E400382AD9 /* AlbumDataSource.swift */ = {isa = PBXFileReference; fileEncoding = 4; lastKnownFileType = sourcecode.swift; path = AlbumDataSource.swift; sourceTree = "<group>"; };
		30D996081F33818B00382AD9 /* PhotoDataSource.swift */ = {isa = PBXFileReference; fileEncoding = 4; lastKnownFileType = sourcecode.swift; path = PhotoDataSource.swift; sourceTree = "<group>"; };
		30D9960A1F33902C00382AD9 /* PhotoCell.swift */ = {isa = PBXFileReference; fileEncoding = 4; lastKnownFileType = sourcecode.swift; path = PhotoCell.swift; sourceTree = "<group>"; };
		30D9960B1F33902C00382AD9 /* PhotoCell.xib */ = {isa = PBXFileReference; fileEncoding = 4; lastKnownFileType = file.xib; path = PhotoCell.xib; sourceTree = "<group>"; };
		30F1650A1F3D64F0005B78C1 /* SettingHeaderTableViewCell.swift */ = {isa = PBXFileReference; lastKnownFileType = sourcecode.swift; path = SettingHeaderTableViewCell.swift; sourceTree = "<group>"; };
		30F1650C1F3D6B33005B78C1 /* SettingTableViewCell.swift */ = {isa = PBXFileReference; lastKnownFileType = sourcecode.swift; path = SettingTableViewCell.swift; sourceTree = "<group>"; };
		30F165101F3D766F005B78C1 /* CreatorListVC.swift */ = {isa = PBXFileReference; lastKnownFileType = sourcecode.swift; path = CreatorListVC.swift; sourceTree = "<group>"; };
		30F165121F3D785C005B78C1 /* DeveloperInfoCell.swift */ = {isa = PBXFileReference; lastKnownFileType = sourcecode.swift; path = DeveloperInfoCell.swift; sourceTree = "<group>"; };
		30FB7FE61F169850002C66AC /* UnivCam.app */ = {isa = PBXFileReference; explicitFileType = wrapper.application; includeInIndex = 0; path = UnivCam.app; sourceTree = BUILT_PRODUCTS_DIR; };
		30FB7FE91F169850002C66AC /* AppDelegate.swift */ = {isa = PBXFileReference; lastKnownFileType = sourcecode.swift; path = AppDelegate.swift; sourceTree = "<group>"; };
		30FB7FEE1F169850002C66AC /* Base */ = {isa = PBXFileReference; lastKnownFileType = file.storyboard; name = Base; path = Base.lproj/Main.storyboard; sourceTree = "<group>"; };
		30FB7FF31F169850002C66AC /* Base */ = {isa = PBXFileReference; lastKnownFileType = file.storyboard; name = Base; path = Base.lproj/LaunchScreen.storyboard; sourceTree = "<group>"; };
		30FB7FF51F169850002C66AC /* Info.plist */ = {isa = PBXFileReference; lastKnownFileType = text.plist.xml; path = Info.plist; sourceTree = "<group>"; };
		30FB80011F169BAA002C66AC /* SearchAlbumListVC.swift */ = {isa = PBXFileReference; fileEncoding = 4; lastKnownFileType = sourcecode.swift; path = SearchAlbumListVC.swift; sourceTree = "<group>"; };
		30FB80031F169BF1002C66AC /* FavoriteAlbumListVC.swift */ = {isa = PBXFileReference; fileEncoding = 4; lastKnownFileType = sourcecode.swift; path = FavoriteAlbumListVC.swift; sourceTree = "<group>"; };
		30FB80081F169D4E002C66AC /* Base */ = {isa = PBXFileReference; lastKnownFileType = file.storyboard; name = Base; path = Base.lproj/Settings.storyboard; sourceTree = "<group>"; };
		30FB800A1F169DB3002C66AC /* Favorites.storyboard */ = {isa = PBXFileReference; fileEncoding = 4; lastKnownFileType = file.storyboard; path = Favorites.storyboard; sourceTree = "<group>"; };
		30FB800C1F169DEC002C66AC /* Search.storyboard */ = {isa = PBXFileReference; fileEncoding = 4; lastKnownFileType = file.storyboard; path = Search.storyboard; sourceTree = "<group>"; };
		30FB800E1F169EB1002C66AC /* AlbumListVC.swift */ = {isa = PBXFileReference; fileEncoding = 4; lastKnownFileType = sourcecode.swift; path = AlbumListVC.swift; sourceTree = "<group>"; tabWidth = 3; };
		30FB80101F169FC3002C66AC /* Camera.storyboard */ = {isa = PBXFileReference; fileEncoding = 4; lastKnownFileType = file.storyboard; path = Camera.storyboard; sourceTree = "<group>"; };
		30FB80121F16A0A2002C66AC /* CustomCameraVC.swift */ = {isa = PBXFileReference; fileEncoding = 4; lastKnownFileType = sourcecode.swift; path = CustomCameraVC.swift; sourceTree = "<group>"; };
		30FB80141F16A0C1002C66AC /* SettingViewController.swift */ = {isa = PBXFileReference; fileEncoding = 4; lastKnownFileType = sourcecode.swift; path = SettingViewController.swift; sourceTree = "<group>"; };
		81F006F911FE39D296130AC8 /* Pods_UnivCam.framework */ = {isa = PBXFileReference; explicitFileType = wrapper.framework; includeInIndex = 0; path = Pods_UnivCam.framework; sourceTree = BUILT_PRODUCTS_DIR; };
		A6B7E514F2FB01B27372C3D9 /* Pods-UnivCam.release.xcconfig */ = {isa = PBXFileReference; includeInIndex = 1; lastKnownFileType = text.xcconfig; name = "Pods-UnivCam.release.xcconfig"; path = "Pods/Target Support Files/Pods-UnivCam/Pods-UnivCam.release.xcconfig"; sourceTree = "<group>"; };
		D18BD5BE4C131E0E2075C7F6 /* Pods-UnivCam.debug.xcconfig */ = {isa = PBXFileReference; includeInIndex = 1; lastKnownFileType = text.xcconfig; name = "Pods-UnivCam.debug.xcconfig"; path = "Pods/Target Support Files/Pods-UnivCam/Pods-UnivCam.debug.xcconfig"; sourceTree = "<group>"; };
/* End PBXFileReference section */

/* Begin PBXFrameworksBuildPhase section */
		30FB7FE31F169850002C66AC /* Frameworks */ = {
			isa = PBXFrameworksBuildPhase;
			buildActionMask = 2147483647;
			files = (
				4585736EB77610F31A9E5E6B /* Pods_UnivCam.framework in Frameworks */,
			);
			runOnlyForDeploymentPostprocessing = 0;
		};
/* End PBXFrameworksBuildPhase section */

/* Begin PBXGroup section */
		1B5BFFC3D828437586A0C6B9 /* Pods */ = {
			isa = PBXGroup;
			children = (
				D18BD5BE4C131E0E2075C7F6 /* Pods-UnivCam.debug.xcconfig */,
				A6B7E514F2FB01B27372C3D9 /* Pods-UnivCam.release.xcconfig */,
			);
			name = Pods;
			sourceTree = "<group>";
		};
		30B936B61F186B9B00F5040F /* ViewControllers */ = {
			isa = PBXGroup;
			children = (
				305E1EEF1F1A2CE900ADA1CD /* TabbarController.swift */,
				30FB800E1F169EB1002C66AC /* AlbumListVC.swift */,
				305E1EE71F19FA2800ADA1CD /* AlbumDetailVC.swift */,
				305E1EEB1F1A1B3C00ADA1CD /* PhotoVC.swift */,
				30FB80011F169BAA002C66AC /* SearchAlbumListVC.swift */,
				30FB80121F16A0A2002C66AC /* CustomCameraVC.swift */,
				30FB80031F169BF1002C66AC /* FavoriteAlbumListVC.swift */,
				30FB80141F16A0C1002C66AC /* SettingViewController.swift */,
				30B936C41F18828500F5040F /* CollectionViewController.swift */,
				3059B9591F3B3B2E0013A6E8 /* ConfirmAuthVC.swift */,
				30263CA51F3BAC5E0015253A /* SelectAlbumVC.swift */,
				30263CA71F3BAFEF0015253A /* CapturedImageVC.swift */,
				30F165101F3D766F005B78C1 /* CreatorListVC.swift */,
			);
			name = ViewControllers;
			sourceTree = "<group>";
		};
		30B936B71F186BBC00F5040F /* Views */ = {
			isa = PBXGroup;
			children = (
				30D996001F33786B00382AD9 /* Cell */,
				30B936C91F18A1A000F5040F /* PhotoCollectionViewCell.swift */,
				305E1EE91F1A15C300ADA1CD /* AlbumCollectionViewCell.swift */,
				301D76D31F268A490070FCC0 /* AlbumDetailViewCell.swift */,
				305E1EED1F1A253F00ADA1CD /* ThumbnailCollectionViewCell.swift */,
				301D76C91F265D480070FCC0 /* AlbumDetailView.swift */,
				303AD9CF1F3B1B7F00A1DB0D /* ConfirmDeleteView.swift */,
				303AD9D11F3B1BF300A1DB0D /* ConfirmDeleteView.xib */,
				3059B95B1F3B6C620013A6E8 /* CreateAlbumView.swift */,
				30CCDFB41F3B71B9008FC50D /* CreateAlbumView.xib */,
				301BDDD31F3D7EB900CA90CD /* TutorialView.swift */,
				301BDDD51F3D7ECC00CA90CD /* TutorialView.xib */,
			);
			name = Views;
			sourceTree = "<group>";
		};
		30B936B81F186BF500F5040F /* Models */ = {
			isa = PBXGroup;
			children = (
				30494AF81F3941450092376B /* Album.swift */,
			);
			name = Models;
			sourceTree = "<group>";
		};
		30B936B91F186BFC00F5040F /* Types */ = {
			isa = PBXGroup;
			children = (
				30B936C61F1885B800F5040F /* PhotoType.swift */,
				3061DB851F3F53C2009486EA /* Palette.swift */,
				3034AC2F1F3F6006006238D7 /* Fonts.swift */,
			);
			name = Types;
			sourceTree = "<group>";
		};
		30B936BA1F186C0E00F5040F /* Utils */ = {
			isa = PBXGroup;
			children = (
				3061DB7D1F3F450D009486EA /* UIButton+Extension.swift */,
			);
			name = Utils;
			sourceTree = "<group>";
		};
		30B936BB1F186C2200F5040F /* Resources */ = {
			isa = PBXGroup;
			children = (
				30FB7FED1F169850002C66AC /* Main.storyboard */,
				30B936BC1F186D0200F5040F /* Home.storyboard */,
				30FB800C1F169DEC002C66AC /* Search.storyboard */,
				30FB80101F169FC3002C66AC /* Camera.storyboard */,
				30FB800A1F169DB3002C66AC /* Favorites.storyboard */,
				30FB80071F169D4E002C66AC /* Settings.storyboard */,
				30FB7FF21F169850002C66AC /* LaunchScreen.storyboard */,
				30FB7FF51F169850002C66AC /* Info.plist */,
			);
			name = Resources;
			sourceTree = "<group>";
		};
		30B936BF1F186E6300F5040F /* Helpers */ = {
			isa = PBXGroup;
			children = (
				30494AF61F38D7060092376B /* RealmHelper.swift */,
				30494B0B1F3A01840092376B /* UnivCamAPI.swift */,
			);
			name = Helpers;
			sourceTree = "<group>";
		};
		30D996001F33786B00382AD9 /* Cell */ = {
			isa = PBXGroup;
			children = (
				30D996051F3380CB00382AD9 /* DataSources */,
				30D996011F33788B00382AD9 /* AlbumCell.swift */,
				30D996021F33788B00382AD9 /* AlbumCell.xib */,
				30D9960A1F33902C00382AD9 /* PhotoCell.swift */,
				30D9960B1F33902C00382AD9 /* PhotoCell.xib */,
				30F1650A1F3D64F0005B78C1 /* SettingHeaderTableViewCell.swift */,
				30F1650C1F3D6B33005B78C1 /* SettingTableViewCell.swift */,
				30F165121F3D785C005B78C1 /* DeveloperInfoCell.swift */,
			);
			name = Cell;
			sourceTree = "<group>";
		};
		30D996051F3380CB00382AD9 /* DataSources */ = {
			isa = PBXGroup;
			children = (
				30D996061F3380E400382AD9 /* AlbumDataSource.swift */,
				30D996081F33818B00382AD9 /* PhotoDataSource.swift */,
			);
			name = DataSources;
			sourceTree = "<group>";
		};
		30FB7FDD1F169850002C66AC = {
			isa = PBXGroup;
			children = (
				30FB7FE81F169850002C66AC /* UnivCam */,
				30FB7FE71F169850002C66AC /* Products */,
				305E1EE51F19F57600ADA1CD /* Assets.xcassets */,
				1B5BFFC3D828437586A0C6B9 /* Pods */,
				632AD19AA8F3781BD2A9CFF3 /* Frameworks */,
			);
			sourceTree = "<group>";
		};
		30FB7FE71F169850002C66AC /* Products */ = {
			isa = PBXGroup;
			children = (
				30FB7FE61F169850002C66AC /* UnivCam.app */,
			);
			name = Products;
			sourceTree = "<group>";
		};
		30FB7FE81F169850002C66AC /* UnivCam */ = {
			isa = PBXGroup;
			children = (
				30FB7FE91F169850002C66AC /* AppDelegate.swift */,
				30B936BF1F186E6300F5040F /* Helpers */,
				30B936B61F186B9B00F5040F /* ViewControllers */,
				30B936B71F186BBC00F5040F /* Views */,
				30B936B81F186BF500F5040F /* Models */,
				30B936B91F186BFC00F5040F /* Types */,
				30B936BA1F186C0E00F5040F /* Utils */,
				30B936BB1F186C2200F5040F /* Resources */,
			);
			path = UnivCam;
			sourceTree = "<group>";
		};
		632AD19AA8F3781BD2A9CFF3 /* Frameworks */ = {
			isa = PBXGroup;
			children = (
				81F006F911FE39D296130AC8 /* Pods_UnivCam.framework */,
			);
			name = Frameworks;
			sourceTree = "<group>";
		};
/* End PBXGroup section */

/* Begin PBXNativeTarget section */
		30FB7FE51F169850002C66AC /* UnivCam */ = {
			isa = PBXNativeTarget;
			buildConfigurationList = 30FB7FF81F169850002C66AC /* Build configuration list for PBXNativeTarget "UnivCam" */;
			buildPhases = (
				E22F42E89CAA3B5C77D1B2C1 /* [CP] Check Pods Manifest.lock */,
				30FB7FE21F169850002C66AC /* Sources */,
				30FB7FE31F169850002C66AC /* Frameworks */,
				30FB7FE41F169850002C66AC /* Resources */,
				3F5B96B60DB33E564F11FE45 /* [CP] Embed Pods Frameworks */,
				5712AC9827D9264284D83AB2 /* [CP] Copy Pods Resources */,
			);
			buildRules = (
			);
			dependencies = (
			);
			name = UnivCam;
			productName = UnivCam;
			productReference = 30FB7FE61F169850002C66AC /* UnivCam.app */;
			productType = "com.apple.product-type.application";
		};
/* End PBXNativeTarget section */

/* Begin PBXProject section */
		30FB7FDE1F169850002C66AC /* Project object */ = {
			isa = PBXProject;
			attributes = {
				LastSwiftUpdateCheck = 0830;
				LastUpgradeCheck = 0830;
				ORGANIZATIONNAME = futr_blu;
				TargetAttributes = {
					30FB7FE51F169850002C66AC = {
						CreatedOnToolsVersion = 8.3.2;
						DevelopmentTeam = AANGG4Q668;
						ProvisioningStyle = Automatic;
					};
				};
			};
			buildConfigurationList = 30FB7FE11F169850002C66AC /* Build configuration list for PBXProject "UnivCam" */;
			compatibilityVersion = "Xcode 3.2";
			developmentRegion = English;
			hasScannedForEncodings = 0;
			knownRegions = (
				en,
				Base,
			);
			mainGroup = 30FB7FDD1F169850002C66AC;
			productRefGroup = 30FB7FE71F169850002C66AC /* Products */;
			projectDirPath = "";
			projectRoot = "";
			targets = (
				30FB7FE51F169850002C66AC /* UnivCam */,
			);
		};
/* End PBXProject section */

/* Begin PBXResourcesBuildPhase section */
		30FB7FE41F169850002C66AC /* Resources */ = {
			isa = PBXResourcesBuildPhase;
			buildActionMask = 2147483647;
			files = (
				30FB7FF41F169850002C66AC /* LaunchScreen.storyboard in Resources */,
				30FB80111F169FC3002C66AC /* Camera.storyboard in Resources */,
				30FB80091F169D4E002C66AC /* Settings.storyboard in Resources */,
				301BDDD61F3D7ECC00CA90CD /* TutorialView.xib in Resources */,
				30FB7FEF1F169850002C66AC /* Main.storyboard in Resources */,
				30D9960D1F33902C00382AD9 /* PhotoCell.xib in Resources */,
				30D996041F33788B00382AD9 /* AlbumCell.xib in Resources */,
				30FB800D1F169DEC002C66AC /* Search.storyboard in Resources */,
				30FB800B1F169DB3002C66AC /* Favorites.storyboard in Resources */,
				30CCDFB51F3B71B9008FC50D /* CreateAlbumView.xib in Resources */,
				303AD9D21F3B1BF300A1DB0D /* ConfirmDeleteView.xib in Resources */,
				305E1EE61F19F57600ADA1CD /* Assets.xcassets in Resources */,
				30B936BE1F186D0200F5040F /* Home.storyboard in Resources */,
			);
			runOnlyForDeploymentPostprocessing = 0;
		};
/* End PBXResourcesBuildPhase section */

/* Begin PBXShellScriptBuildPhase section */
		3F5B96B60DB33E564F11FE45 /* [CP] Embed Pods Frameworks */ = {
			isa = PBXShellScriptBuildPhase;
			buildActionMask = 2147483647;
			files = (
			);
			inputPaths = (
			);
			name = "[CP] Embed Pods Frameworks";
			outputPaths = (
			);
			runOnlyForDeploymentPostprocessing = 0;
			shellPath = /bin/sh;
			shellScript = "\"${SRCROOT}/Pods/Target Support Files/Pods-UnivCam/Pods-UnivCam-frameworks.sh\"\n";
			showEnvVarsInLog = 0;
		};
		5712AC9827D9264284D83AB2 /* [CP] Copy Pods Resources */ = {
			isa = PBXShellScriptBuildPhase;
			buildActionMask = 2147483647;
			files = (
			);
			inputPaths = (
			);
			name = "[CP] Copy Pods Resources";
			outputPaths = (
			);
			runOnlyForDeploymentPostprocessing = 0;
			shellPath = /bin/sh;
			shellScript = "\"${SRCROOT}/Pods/Target Support Files/Pods-UnivCam/Pods-UnivCam-resources.sh\"\n";
			showEnvVarsInLog = 0;
		};
		E22F42E89CAA3B5C77D1B2C1 /* [CP] Check Pods Manifest.lock */ = {
			isa = PBXShellScriptBuildPhase;
			buildActionMask = 2147483647;
			files = (
			);
			inputPaths = (
			);
			name = "[CP] Check Pods Manifest.lock";
			outputPaths = (
			);
			runOnlyForDeploymentPostprocessing = 0;
			shellPath = /bin/sh;
			shellScript = "diff \"${PODS_PODFILE_DIR_PATH}/Podfile.lock\" \"${PODS_ROOT}/Manifest.lock\" > /dev/null\nif [ $? != 0 ] ; then\n    # print error to STDERR\n    echo \"error: The sandbox is not in sync with the Podfile.lock. Run 'pod install' or update your CocoaPods installation.\" >&2\n    exit 1\nfi\n";
			showEnvVarsInLog = 0;
		};
/* End PBXShellScriptBuildPhase section */

/* Begin PBXSourcesBuildPhase section */
		30FB7FE21F169850002C66AC /* Sources */ = {
			isa = PBXSourcesBuildPhase;
			buildActionMask = 2147483647;
			files = (
				30F1650D1F3D6B33005B78C1 /* SettingTableViewCell.swift in Sources */,
				30B936C51F18828500F5040F /* CollectionViewController.swift in Sources */,
				30B936CA1F18A1A000F5040F /* PhotoCollectionViewCell.swift in Sources */,
				3061DB861F3F53C2009486EA /* Palette.swift in Sources */,
				305E1EE81F19FA2800ADA1CD /* AlbumDetailVC.swift in Sources */,
				30FB80041F169BF1002C66AC /* FavoriteAlbumListVC.swift in Sources */,
				30263CA61F3BAC5E0015253A /* SelectAlbumVC.swift in Sources */,
				305E1EEE1F1A253F00ADA1CD /* ThumbnailCollectionViewCell.swift in Sources */,
				3059B95C1F3B6C620013A6E8 /* CreateAlbumView.swift in Sources */,
				30FB80131F16A0A2002C66AC /* CustomCameraVC.swift in Sources */,
				30D996091F33818B00382AD9 /* PhotoDataSource.swift in Sources */,
				30F1650B1F3D64F0005B78C1 /* SettingHeaderTableViewCell.swift in Sources */,
				30D996031F33788B00382AD9 /* AlbumCell.swift in Sources */,
				305E1EEA1F1A15C300ADA1CD /* AlbumCollectionViewCell.swift in Sources */,
				30FB80021F169BAA002C66AC /* SearchAlbumListVC.swift in Sources */,
				30494B0C1F3A01840092376B /* UnivCamAPI.swift in Sources */,
				3034AC301F3F6006006238D7 /* Fonts.swift in Sources */,
				30494AF91F3941450092376B /* Album.swift in Sources */,
				30D9960C1F33902C00382AD9 /* PhotoCell.swift in Sources */,
				30D996071F3380E400382AD9 /* AlbumDataSource.swift in Sources */,
				301BDDD41F3D7EB900CA90CD /* TutorialView.swift in Sources */,
				3061DB7E1F3F450D009486EA /* UIButton+Extension.swift in Sources */,
				301D76D51F268A490070FCC0 /* AlbumDetailViewCell.swift in Sources */,
				30FB7FEA1F169850002C66AC /* AppDelegate.swift in Sources */,
				30FB800F1F169EB1002C66AC /* AlbumListVC.swift in Sources */,
				30F165111F3D766F005B78C1 /* CreatorListVC.swift in Sources */,
				30B936C71F1885B800F5040F /* PhotoType.swift in Sources */,
				301D76CA1F265D480070FCC0 /* AlbumDetailView.swift in Sources */,
				30F165131F3D785C005B78C1 /* DeveloperInfoCell.swift in Sources */,
				30FB80151F16A0C1002C66AC /* SettingViewController.swift in Sources */,
				30263CA81F3BAFEF0015253A /* CapturedImageVC.swift in Sources */,
				30494AF71F38D7060092376B /* RealmHelper.swift in Sources */,
				305E1EEC1F1A1B3C00ADA1CD /* PhotoVC.swift in Sources */,
				305E1EF01F1A2CE900ADA1CD /* TabbarController.swift in Sources */,
				303AD9D01F3B1B7F00A1DB0D /* ConfirmDeleteView.swift in Sources */,
				3059B95A1F3B3B2E0013A6E8 /* ConfirmAuthVC.swift in Sources */,
			);
			runOnlyForDeploymentPostprocessing = 0;
		};
/* End PBXSourcesBuildPhase section */

/* Begin PBXVariantGroup section */
		30B936BC1F186D0200F5040F /* Home.storyboard */ = {
			isa = PBXVariantGroup;
			children = (
				30B936BD1F186D0200F5040F /* Base */,
			);
			name = Home.storyboard;
			sourceTree = "<group>";
		};
		30FB7FED1F169850002C66AC /* Main.storyboard */ = {
			isa = PBXVariantGroup;
			children = (
				30FB7FEE1F169850002C66AC /* Base */,
			);
			name = Main.storyboard;
			sourceTree = "<group>";
		};
		30FB7FF21F169850002C66AC /* LaunchScreen.storyboard */ = {
			isa = PBXVariantGroup;
			children = (
				30FB7FF31F169850002C66AC /* Base */,
			);
			name = LaunchScreen.storyboard;
			sourceTree = "<group>";
		};
		30FB80071F169D4E002C66AC /* Settings.storyboard */ = {
			isa = PBXVariantGroup;
			children = (
				30FB80081F169D4E002C66AC /* Base */,
			);
			name = Settings.storyboard;
			sourceTree = "<group>";
		};
/* End PBXVariantGroup section */

/* Begin XCBuildConfiguration section */
		30FB7FF61F169850002C66AC /* Debug */ = {
			isa = XCBuildConfiguration;
			buildSettings = {
				ALWAYS_SEARCH_USER_PATHS = NO;
				CLANG_ANALYZER_NONNULL = YES;
				CLANG_ANALYZER_NUMBER_OBJECT_CONVERSION = YES_AGGRESSIVE;
				CLANG_CXX_LANGUAGE_STANDARD = "gnu++0x";
				CLANG_CXX_LIBRARY = "libc++";
				CLANG_ENABLE_MODULES = YES;
				CLANG_ENABLE_OBJC_ARC = YES;
				CLANG_WARN_BOOL_CONVERSION = YES;
				CLANG_WARN_CONSTANT_CONVERSION = YES;
				CLANG_WARN_DIRECT_OBJC_ISA_USAGE = YES_ERROR;
				CLANG_WARN_DOCUMENTATION_COMMENTS = YES;
				CLANG_WARN_EMPTY_BODY = YES;
				CLANG_WARN_ENUM_CONVERSION = YES;
				CLANG_WARN_INFINITE_RECURSION = YES;
				CLANG_WARN_INT_CONVERSION = YES;
				CLANG_WARN_OBJC_ROOT_CLASS = YES_ERROR;
				CLANG_WARN_SUSPICIOUS_MOVE = YES;
				CLANG_WARN_UNREACHABLE_CODE = YES;
				CLANG_WARN__DUPLICATE_METHOD_MATCH = YES;
				"CODE_SIGN_IDENTITY[sdk=iphoneos*]" = "iPhone Developer";
				COPY_PHASE_STRIP = NO;
				DEBUG_INFORMATION_FORMAT = dwarf;
				ENABLE_STRICT_OBJC_MSGSEND = YES;
				ENABLE_TESTABILITY = YES;
				GCC_C_LANGUAGE_STANDARD = gnu99;
				GCC_DYNAMIC_NO_PIC = NO;
				GCC_NO_COMMON_BLOCKS = YES;
				GCC_OPTIMIZATION_LEVEL = 0;
				GCC_PREPROCESSOR_DEFINITIONS = (
					"DEBUG=1",
					"$(inherited)",
				);
				GCC_WARN_64_TO_32_BIT_CONVERSION = YES;
				GCC_WARN_ABOUT_RETURN_TYPE = YES_ERROR;
				GCC_WARN_UNDECLARED_SELECTOR = YES;
				GCC_WARN_UNINITIALIZED_AUTOS = YES_AGGRESSIVE;
				GCC_WARN_UNUSED_FUNCTION = YES;
				GCC_WARN_UNUSED_VARIABLE = YES;
				IPHONEOS_DEPLOYMENT_TARGET = 10.3;
				MTL_ENABLE_DEBUG_INFO = YES;
				ONLY_ACTIVE_ARCH = YES;
				SDKROOT = iphoneos;
				SWIFT_ACTIVE_COMPILATION_CONDITIONS = DEBUG;
				SWIFT_OPTIMIZATION_LEVEL = "-Onone";
				TARGETED_DEVICE_FAMILY = "1,2";
			};
			name = Debug;
		};
		30FB7FF71F169850002C66AC /* Release */ = {
			isa = XCBuildConfiguration;
			buildSettings = {
				ALWAYS_SEARCH_USER_PATHS = NO;
				CLANG_ANALYZER_NONNULL = YES;
				CLANG_ANALYZER_NUMBER_OBJECT_CONVERSION = YES_AGGRESSIVE;
				CLANG_CXX_LANGUAGE_STANDARD = "gnu++0x";
				CLANG_CXX_LIBRARY = "libc++";
				CLANG_ENABLE_MODULES = YES;
				CLANG_ENABLE_OBJC_ARC = YES;
				CLANG_WARN_BOOL_CONVERSION = YES;
				CLANG_WARN_CONSTANT_CONVERSION = YES;
				CLANG_WARN_DIRECT_OBJC_ISA_USAGE = YES_ERROR;
				CLANG_WARN_DOCUMENTATION_COMMENTS = YES;
				CLANG_WARN_EMPTY_BODY = YES;
				CLANG_WARN_ENUM_CONVERSION = YES;
				CLANG_WARN_INFINITE_RECURSION = YES;
				CLANG_WARN_INT_CONVERSION = YES;
				CLANG_WARN_OBJC_ROOT_CLASS = YES_ERROR;
				CLANG_WARN_SUSPICIOUS_MOVE = YES;
				CLANG_WARN_UNREACHABLE_CODE = YES;
				CLANG_WARN__DUPLICATE_METHOD_MATCH = YES;
				"CODE_SIGN_IDENTITY[sdk=iphoneos*]" = "iPhone Developer";
				COPY_PHASE_STRIP = NO;
				DEBUG_INFORMATION_FORMAT = "dwarf-with-dsym";
				ENABLE_NS_ASSERTIONS = NO;
				ENABLE_STRICT_OBJC_MSGSEND = YES;
				GCC_C_LANGUAGE_STANDARD = gnu99;
				GCC_NO_COMMON_BLOCKS = YES;
				GCC_WARN_64_TO_32_BIT_CONVERSION = YES;
				GCC_WARN_ABOUT_RETURN_TYPE = YES_ERROR;
				GCC_WARN_UNDECLARED_SELECTOR = YES;
				GCC_WARN_UNINITIALIZED_AUTOS = YES_AGGRESSIVE;
				GCC_WARN_UNUSED_FUNCTION = YES;
				GCC_WARN_UNUSED_VARIABLE = YES;
				IPHONEOS_DEPLOYMENT_TARGET = 10.3;
				MTL_ENABLE_DEBUG_INFO = NO;
				SDKROOT = iphoneos;
				SWIFT_OPTIMIZATION_LEVEL = "-Owholemodule";
				TARGETED_DEVICE_FAMILY = "1,2";
				VALIDATE_PRODUCT = YES;
			};
			name = Release;
		};
		30FB7FF91F169850002C66AC /* Debug */ = {
			isa = XCBuildConfiguration;
			baseConfigurationReference = D18BD5BE4C131E0E2075C7F6 /* Pods-UnivCam.debug.xcconfig */;
			buildSettings = {
				ASSETCATALOG_COMPILER_APPICON_NAME = AppIcon;
				DEVELOPMENT_TEAM = AANGG4Q668;
				INFOPLIST_FILE = UnivCam/Info.plist;
				IPHONEOS_DEPLOYMENT_TARGET = 10.2;
				LD_RUNPATH_SEARCH_PATHS = "$(inherited) @executable_path/Frameworks";
				PRODUCT_BUNDLE_IDENTIFIER = "futr-blu.UnivCam123";
				PRODUCT_NAME = "$(TARGET_NAME)";
				SWIFT_VERSION = 3.0;
			};
			name = Debug;
		};
		30FB7FFA1F169850002C66AC /* Release */ = {
			isa = XCBuildConfiguration;
			baseConfigurationReference = A6B7E514F2FB01B27372C3D9 /* Pods-UnivCam.release.xcconfig */;
			buildSettings = {
				ASSETCATALOG_COMPILER_APPICON_NAME = AppIcon;
				DEVELOPMENT_TEAM = AANGG4Q668;
				INFOPLIST_FILE = UnivCam/Info.plist;
				IPHONEOS_DEPLOYMENT_TARGET = 10.2;
				LD_RUNPATH_SEARCH_PATHS = "$(inherited) @executable_path/Frameworks";
				PRODUCT_BUNDLE_IDENTIFIER = "futr-blu.UnivCam123";
				PRODUCT_NAME = "$(TARGET_NAME)";
				SWIFT_VERSION = 3.0;
			};
			name = Release;
		};
/* End XCBuildConfiguration section */

/* Begin XCConfigurationList section */
		30FB7FE11F169850002C66AC /* Build configuration list for PBXProject "UnivCam" */ = {
			isa = XCConfigurationList;
			buildConfigurations = (
				30FB7FF61F169850002C66AC /* Debug */,
				30FB7FF71F169850002C66AC /* Release */,
			);
			defaultConfigurationIsVisible = 0;
			defaultConfigurationName = Release;
		};
		30FB7FF81F169850002C66AC /* Build configuration list for PBXNativeTarget "UnivCam" */ = {
			isa = XCConfigurationList;
			buildConfigurations = (
				30FB7FF91F169850002C66AC /* Debug */,
				30FB7FFA1F169850002C66AC /* Release */,
			);
			defaultConfigurationIsVisible = 0;
			defaultConfigurationName = Release;
		};
/* End XCConfigurationList section */
	};
	rootObject = 30FB7FDE1F169850002C66AC /* Project object */;
}
